Microsoft Visual Studio Solution File, Format Version 12.00
# Visual Studio 2012
Project("{FAE04EC0-301F-11D3-BF4B-00C04F79EFBC}") = "Project", "Project.csproj", "{EC62005B-A932-4351-ADB9-B1FFE0EF84C0}"
EndProject
Global
	GlobalSection(SolutionConfigurationPlatforms) = preSolution
	Debug|Any CPU = Debug|Any CPU
	ExportDebug|Any CPU = ExportDebug|Any CPU
	ExportRelease|Any CPU = ExportRelease|Any CPU
	EndGlobalSection
	GlobalSection(ProjectConfigurationPlatforms) = postSolution
		{EC62005B-A932-4351-ADB9-B1FFE0EF84C0}.Debug|Any CPU.ActiveCfg = Debug|Any CPU
		{EC62005B-A932-4351-ADB9-B1FFE0EF84C0}.Debug|Any CPU.Build.0 = Debug|Any CPU
		{EC62005B-A932-4351-ADB9-B1FFE0EF84C0}.ExportDebug|Any CPU.ActiveCfg = ExportDebug|Any CPU
		{EC62005B-A932-4351-ADB9-B1FFE0EF84C0}.ExportDebug|Any CPU.Build.0 = ExportDebug|Any CPU
		{EC62005B-A932-4351-ADB9-B1FFE0EF84C0}.ExportRelease|Any CPU.ActiveCfg = ExportRelease|Any CPU
		{EC62005B-A932-4351-ADB9-B1FFE0EF84C0}.ExportRelease|Any CPU.Build.0 = ExportRelease|Any CPU
	EndGlobalSection
EndGlobal
